
Microsoft Visual Studio Solution File, Format Version 12.00
# Visual Studio 15
VisualStudioVersion = 15.0.28307.102
MinimumVisualStudioVersion = 10.0.40219.1
Project("{FAE04EC0-301F-11D3-BF4B-00C04F79EFBC}") = "WebApp", "WebApp\WebApp.csproj", "{55129A7A-A6D6-4464-9566-F3C31304BA40}"
EndProject
Project("{FAE04EC0-301F-11D3-BF4B-00C04F79EFBC}") = "DTO", "DTO\DTO.csproj", "{41916F39-A601-4155-B900-A0E4773393D1}"
EndProject
Project("{FAE04EC0-301F-11D3-BF4B-00C04F79EFBC}") = "Api", "Api\Api.csproj", "{2FE6433B-ECBD-4DC3-BFAA-E0C528EFB603}"
EndProject
Global
	GlobalSection(SolutionConfigurationPlatforms) = preSolution
		Debug|Any CPU = Debug|Any CPU
		Release|Any CPU = Release|Any CPU
	EndGlobalSection
	GlobalSection(ProjectConfigurationPlatforms) = postSolution
		{55129A7A-A6D6-4464-9566-F3C31304BA40}.Debug|Any CPU.ActiveCfg = Debug|Any CPU
		{55129A7A-A6D6-4464-9566-F3C31304BA40}.Debug|Any CPU.Build.0 = Debug|Any CPU
		{55129A7A-A6D6-4464-9566-F3C31304BA40}.Release|Any CPU.ActiveCfg = Release|Any CPU
		{55129A7A-A6D6-4464-9566-F3C31304BA40}.Release|Any CPU.Build.0 = Release|Any CPU
		{41916F39-A601-4155-B900-A0E4773393D1}.Debug|Any CPU.ActiveCfg = Debug|Any CPU
		{41916F39-A601-4155-B900-A0E4773393D1}.Debug|Any CPU.Build.0 = Debug|Any CPU
		{41916F39-A601-4155-B900-A0E4773393D1}.Release|Any CPU.ActiveCfg = Release|Any CPU
		{41916F39-A601-4155-B900-A0E4773393D1}.Release|Any CPU.Build.0 = Release|Any CPU
		{2FE6433B-ECBD-4DC3-BFAA-E0C528EFB603}.Debug|Any CPU.ActiveCfg = Debug|Any CPU
		{2FE6433B-ECBD-4DC3-BFAA-E0C528EFB603}.Debug|Any CPU.Build.0 = Debug|Any CPU
		{2FE6433B-ECBD-4DC3-BFAA-E0C528EFB603}.Release|Any CPU.ActiveCfg = Release|Any CPU
		{2FE6433B-ECBD-4DC3-BFAA-E0C528EFB603}.Release|Any CPU.Build.0 = Release|Any CPU
	EndGlobalSection
	GlobalSection(SolutionProperties) = preSolution
		HideSolutionNode = FALSE
	EndGlobalSection
	GlobalSection(ExtensibilityGlobals) = postSolution
		SolutionGuid = {7053B978-68CE-4BA6-BEF6-F9C3A2563A85}
	EndGlobalSection
EndGlobal
